
Microsoft Visual Studio Solution File, Format Version 12.00
# Visual Studio Version 17
VisualStudioVersion = 17.7.34031.279
MinimumVisualStudioVersion = 10.0.40219.1
Project("{9A19103F-16F7-4668-BE54-9A1E7A4F7556}") = "Lesson_01", "Lesson_01\Lesson_01.csproj", "{00497C64-1391-4B55-90E7-27423D0FDD0F}"
EndProject
Project("{9A19103F-16F7-4668-BE54-9A1E7A4F7556}") = "Lesson_01_1", "Lesson_01_1\Lesson_01_1.csproj", "{E5F6A54B-EED9-4AC6-9864-DE448FDF3913}"
EndProject
Project("{9A19103F-16F7-4668-BE54-9A1E7A4F7556}") = "Lesson_02", "Lesson_02\Lesson_02.csproj", "{CADB445E-35D7-4D21-A893-9F57B1D2262C}"
EndProject
Project("{9A19103F-16F7-4668-BE54-9A1E7A4F7556}") = "Lesson_02_1", "Lesson_02_1\Lesson_02_1.csproj", "{338FEC50-29A5-45C2-AE6F-FCC124439987}"
EndProject
Project("{9A19103F-16F7-4668-BE54-9A1E7A4F7556}") = "Lesson_03", "Lesson_03\Lesson_03.csproj", "{EE8833BC-FD02-4EC4-9577-0247C0E1272A}"
EndProject
Project("{9A19103F-16F7-4668-BE54-9A1E7A4F7556}") = "Lesson_03_01", "Lesson_03_01\Lesson_03_01.csproj", "{F5EFF47F-2861-47B0-9CA8-883D97DB391C}"
EndProject
Project("{9A19103F-16F7-4668-BE54-9A1E7A4F7556}") = "Lesson_03_02", "Lesson_03_02\Lesson_03_02.csproj", "{E9996EE5-3796-4797-A0C7-B22C86A8F143}"
EndProject
Project("{9A19103F-16F7-4668-BE54-9A1E7A4F7556}") = "Lesson_04", "Lesson_04\Lesson_04.csproj", "{9828196D-129A-4D97-83C5-ED3B16453A3B}"
EndProject
Project("{9A19103F-16F7-4668-BE54-9A1E7A4F7556}") = "Lesson_04_01", "Lesson_04_01\Lesson_04_01.csproj", "{EF34078F-8180-4ED2-89E7-FD1A9356A0CF}"
EndProject
Project("{9A19103F-16F7-4668-BE54-9A1E7A4F7556}") = "Lesson_05", "Lesson_05\Lesson_05.csproj", "{DCCF4662-79B4-484F-A6FC-52EBD34853CD}"
EndProject
Project("{9A19103F-16F7-4668-BE54-9A1E7A4F7556}") = "Lesson_05_01", "Lesson_05_01\Lesson_05_01.csproj", "{6DB83559-33A9-44C8-9FD7-4C27FE341A4E}"
EndProject
Project("{9A19103F-16F7-4668-BE54-9A1E7A4F7556}") = "Lesson_06", "Lesson_06\Lesson_06.csproj", "{4338916B-4511-4B2E-9E6A-597114217B81}"
EndProject
Project("{9A19103F-16F7-4668-BE54-9A1E7A4F7556}") = "Lesson_07", "Lesson_07\Lesson_07.csproj", "{07512E84-E6E2-44DF-B622-BB55F88D567E}"
EndProject
Project("{9A19103F-16F7-4668-BE54-9A1E7A4F7556}") = "Lesson_08", "Lesson_08\Lesson_08.csproj", "{4DD07E76-BE10-4310-965D-6EDE02BBDB9D}"
EndProject
Project("{9A19103F-16F7-4668-BE54-9A1E7A4F7556}") = "Lesson_08_01", "Lesson_08_01\Lesson_08_01.csproj", "{79DAD82F-3A9B-49ED-A740-0762F802A3EE}"
EndProject
Project("{9A19103F-16F7-4668-BE54-9A1E7A4F7556}") = "Lesson_08_02", "Lesson_08_02\Lesson_08_02.csproj", "{42774935-8C7B-435C-8BD4-275013F0A311}"
EndProject
Project("{9A19103F-16F7-4668-BE54-9A1E7A4F7556}") = "Lesson_09", "Lesson_09\Lesson_09.csproj", "{73E52F5E-9F44-4FE5-8C68-5DB6B59A4A99}"
EndProject
Project("{9A19103F-16F7-4668-BE54-9A1E7A4F7556}") = "Lesson_09_01", "Lesson_09_01\Lesson_09_01.csproj", "{D9E78355-FEC0-4A8B-8836-C35B1EB6BDB4}"
EndProject
Project("{9A19103F-16F7-4668-BE54-9A1E7A4F7556}") = "Lesson_10", "Lesson_10\Lesson_10.csproj", "{70F4F96E-6C74-4594-8AFE-BB93BF9570B5}"
EndProject
Project("{9A19103F-16F7-4668-BE54-9A1E7A4F7556}") = "Lesson_07_01", "Lesson_07_01\Lesson_07_01.csproj", "{53C2F8BF-BDC4-4DCD-A69C-D61B396D0229}"
EndProject
Project("{9A19103F-16F7-4668-BE54-9A1E7A4F7556}") = "Lesson_10_01", "Lesson_10_01\Lesson_10_01.csproj", "{B13207D4-68F2-4D26-9C77-F4485085AF80}"
EndProject
Project("{9A19103F-16F7-4668-BE54-9A1E7A4F7556}") = "Lesson_11", "Lesson_11\Lesson_11.csproj", "{F629D09E-6D78-4C48-9390-1B8DC09AF340}"
EndProject
Project("{9A19103F-16F7-4668-BE54-9A1E7A4F7556}") = "Lesson_11_01", "Lesson_11_01\Lesson_11_01.csproj", "{0E8C85AB-72C1-428A-9E81-F7CF6BDE66AD}"
EndProject
Project("{9A19103F-16F7-4668-BE54-9A1E7A4F7556}") = "Lesson_12", "Lesson_12\Lesson_12.csproj", "{0BBB6CD3-EA9A-4990-B298-2C6673F36DA8}"
EndProject
Project("{9A19103F-16F7-4668-BE54-9A1E7A4F7556}") = "Lesson_12_01", "Lesson_12_01\Lesson_12_01.csproj", "{401D1CE1-7BFF-4DD6-87FE-7EA48A00C914}"
EndProject
Project("{9A19103F-16F7-4668-BE54-9A1E7A4F7556}") = "Lesson_12_02", "Lesson_12_02\Lesson_12_02.csproj", "{ABD81E73-8DD0-438B-AA0B-BC1C893960CB}"
EndProject
Project("{9A19103F-16F7-4668-BE54-9A1E7A4F7556}") = "Lesson_12_03", "Lesson_12_03\Lesson_12_03.csproj", "{DB7F0907-8A5A-498A-BE0B-DBE3AFD21557}"
EndProject
Project("{9A19103F-16F7-4668-BE54-9A1E7A4F7556}") = "Lesson_13", "Lesson_13\Lesson_13.csproj", "{D3E953A0-BF5D-4846-BFC3-FDB916766A59}"
EndProject
Project("{9A19103F-16F7-4668-BE54-9A1E7A4F7556}") = "Lesson_13_01", "Lesson_13_01\Lesson_13_01.csproj", "{CBDB8AEB-2D9B-4030-AA7B-A80DED846C12}"
EndProject
Project("{9A19103F-16F7-4668-BE54-9A1E7A4F7556}") = "Lesson_14", "Lesson_14\Lesson_14.csproj", "{1694AC2D-2598-429C-BB14-4D941B926D3D}"
EndProject
Project("{9A19103F-16F7-4668-BE54-9A1E7A4F7556}") = "Lesson_14_01", "Lesson_14_01\Lesson_14_01.csproj", "{8F9FB07B-5D3C-4EBB-B690-DCA2BE448814}"
EndProject
Project("{9A19103F-16F7-4668-BE54-9A1E7A4F7556}") = "Lesson_14_02", "Lesson_14_02\Lesson_14_02.csproj", "{52792184-6F08-4D27-948A-75D71309936F}"
EndProject
Project("{9A19103F-16F7-4668-BE54-9A1E7A4F7556}") = "Lesson_15", "Lesson_15\Lesson_15.csproj", "{D338B451-4DD6-4449-AF2D-AC181521FA63}"
EndProject
Project("{9A19103F-16F7-4668-BE54-9A1E7A4F7556}") = "Lesson_16", "Lesson_16\Lesson_16.csproj", "{C6D8A722-FC23-4C02-8BA0-720EC81D10CD}"
EndProject
Project("{9A19103F-16F7-4668-BE54-9A1E7A4F7556}") = "Lesson_16_01", "Lesson_16_01\Lesson_16_01.csproj", "{23BE7DB4-D8F8-419D-84D4-7F83EBEEFAA0}"
EndProject
Project("{9A19103F-16F7-4668-BE54-9A1E7A4F7556}") = "Lesson_16_02", "Lesson_16_02\Lesson_16_02.csproj", "{62DE5B53-368B-4FCB-8CEA-E5363CA2B12E}"
EndProject
Project("{9A19103F-16F7-4668-BE54-9A1E7A4F7556}") = "Lesson_17", "Lesson_17\Lesson_17.csproj", "{485B75C0-860D-4A82-92BB-EE4C09F8C6AD}"
EndProject
Project("{9A19103F-16F7-4668-BE54-9A1E7A4F7556}") = "Lesson_17_01", "Lesson_17_01\Lesson_17_01.csproj", "{59A4EDB8-51B4-43F6-861C-8D99DFF32FD7}"
EndProject
Project("{9A19103F-16F7-4668-BE54-9A1E7A4F7556}") = "!Exam", "!Exam\!Exam.csproj", "{6B16B592-F5D7-4DF2-B158-4AF0CEE6A780}"
EndProject
Project("{FAE04EC0-301F-11D3-BF4B-00C04F79EFBC}") = "Lesson_18", "Lesson_18\Lesson_18.csproj", "{50594729-FB24-4183-950E-A8246C2BC2BC}"
EndProject
Global
	GlobalSection(SolutionConfigurationPlatforms) = preSolution
		Debug|Any CPU = Debug|Any CPU
		Release|Any CPU = Release|Any CPU
	EndGlobalSection
	GlobalSection(ProjectConfigurationPlatforms) = postSolution
		{00497C64-1391-4B55-90E7-27423D0FDD0F}.Debug|Any CPU.ActiveCfg = Debug|Any CPU
		{00497C64-1391-4B55-90E7-27423D0FDD0F}.Debug|Any CPU.Build.0 = Debug|Any CPU
		{00497C64-1391-4B55-90E7-27423D0FDD0F}.Release|Any CPU.ActiveCfg = Release|Any CPU
		{00497C64-1391-4B55-90E7-27423D0FDD0F}.Release|Any CPU.Build.0 = Release|Any CPU
		{E5F6A54B-EED9-4AC6-9864-DE448FDF3913}.Debug|Any CPU.ActiveCfg = Debug|Any CPU
		{E5F6A54B-EED9-4AC6-9864-DE448FDF3913}.Debug|Any CPU.Build.0 = Debug|Any CPU
		{E5F6A54B-EED9-4AC6-9864-DE448FDF3913}.Release|Any CPU.ActiveCfg = Release|Any CPU
		{E5F6A54B-EED9-4AC6-9864-DE448FDF3913}.Release|Any CPU.Build.0 = Release|Any CPU
		{CADB445E-35D7-4D21-A893-9F57B1D2262C}.Debug|Any CPU.ActiveCfg = Debug|Any CPU
		{CADB445E-35D7-4D21-A893-9F57B1D2262C}.Debug|Any CPU.Build.0 = Debug|Any CPU
		{CADB445E-35D7-4D21-A893-9F57B1D2262C}.Release|Any CPU.ActiveCfg = Release|Any CPU
		{CADB445E-35D7-4D21-A893-9F57B1D2262C}.Release|Any CPU.Build.0 = Release|Any CPU
		{338FEC50-29A5-45C2-AE6F-FCC124439987}.Debug|Any CPU.ActiveCfg = Debug|Any CPU
		{338FEC50-29A5-45C2-AE6F-FCC124439987}.Debug|Any CPU.Build.0 = Debug|Any CPU
		{338FEC50-29A5-45C2-AE6F-FCC124439987}.Release|Any CPU.ActiveCfg = Release|Any CPU
		{338FEC50-29A5-45C2-AE6F-FCC124439987}.Release|Any CPU.Build.0 = Release|Any CPU
		{EE8833BC-FD02-4EC4-9577-0247C0E1272A}.Debug|Any CPU.ActiveCfg = Debug|Any CPU
		{EE8833BC-FD02-4EC4-9577-0247C0E1272A}.Debug|Any CPU.Build.0 = Debug|Any CPU
		{EE8833BC-FD02-4EC4-9577-0247C0E1272A}.Release|Any CPU.ActiveCfg = Release|Any CPU
		{EE8833BC-FD02-4EC4-9577-0247C0E1272A}.Release|Any CPU.Build.0 = Release|Any CPU
		{F5EFF47F-2861-47B0-9CA8-883D97DB391C}.Debug|Any CPU.ActiveCfg = Debug|Any CPU
		{F5EFF47F-2861-47B0-9CA8-883D97DB391C}.Debug|Any CPU.Build.0 = Debug|Any CPU
		{F5EFF47F-2861-47B0-9CA8-883D97DB391C}.Release|Any CPU.ActiveCfg = Release|Any CPU
		{F5EFF47F-2861-47B0-9CA8-883D97DB391C}.Release|Any CPU.Build.0 = Release|Any CPU
		{E9996EE5-3796-4797-A0C7-B22C86A8F143}.Debug|Any CPU.ActiveCfg = Debug|Any CPU
		{E9996EE5-3796-4797-A0C7-B22C86A8F143}.Debug|Any CPU.Build.0 = Debug|Any CPU
		{E9996EE5-3796-4797-A0C7-B22C86A8F143}.Release|Any CPU.ActiveCfg = Release|Any CPU
		{E9996EE5-3796-4797-A0C7-B22C86A8F143}.Release|Any CPU.Build.0 = Release|Any CPU
		{9828196D-129A-4D97-83C5-ED3B16453A3B}.Debug|Any CPU.ActiveCfg = Debug|Any CPU
		{9828196D-129A-4D97-83C5-ED3B16453A3B}.Debug|Any CPU.Build.0 = Debug|Any CPU
		{9828196D-129A-4D97-83C5-ED3B16453A3B}.Release|Any CPU.ActiveCfg = Release|Any CPU
		{9828196D-129A-4D97-83C5-ED3B16453A3B}.Release|Any CPU.Build.0 = Release|Any CPU
		{EF34078F-8180-4ED2-89E7-FD1A9356A0CF}.Debug|Any CPU.ActiveCfg = Debug|Any CPU
		{EF34078F-8180-4ED2-89E7-FD1A9356A0CF}.Debug|Any CPU.Build.0 = Debug|Any CPU
		{EF34078F-8180-4ED2-89E7-FD1A9356A0CF}.Release|Any CPU.ActiveCfg = Release|Any CPU
		{EF34078F-8180-4ED2-89E7-FD1A9356A0CF}.Release|Any CPU.Build.0 = Release|Any CPU
		{DCCF4662-79B4-484F-A6FC-52EBD34853CD}.Debug|Any CPU.ActiveCfg = Debug|Any CPU
		{DCCF4662-79B4-484F-A6FC-52EBD34853CD}.Debug|Any CPU.Build.0 = Debug|Any CPU
		{DCCF4662-79B4-484F-A6FC-52EBD34853CD}.Release|Any CPU.ActiveCfg = Release|Any CPU
		{DCCF4662-79B4-484F-A6FC-52EBD34853CD}.Release|Any CPU.Build.0 = Release|Any CPU
		{6DB83559-33A9-44C8-9FD7-4C27FE341A4E}.Debug|Any CPU.ActiveCfg = Debug|Any CPU
		{6DB83559-33A9-44C8-9FD7-4C27FE341A4E}.Debug|Any CPU.Build.0 = Debug|Any CPU
		{6DB83559-33A9-44C8-9FD7-4C27FE341A4E}.Release|Any CPU.ActiveCfg = Release|Any CPU
		{6DB83559-33A9-44C8-9FD7-4C27FE341A4E}.Release|Any CPU.Build.0 = Release|Any CPU
		{4338916B-4511-4B2E-9E6A-597114217B81}.Debug|Any CPU.ActiveCfg = Debug|Any CPU
		{4338916B-4511-4B2E-9E6A-597114217B81}.Debug|Any CPU.Build.0 = Debug|Any CPU
		{4338916B-4511-4B2E-9E6A-597114217B81}.Release|Any CPU.ActiveCfg = Release|Any CPU
		{4338916B-4511-4B2E-9E6A-597114217B81}.Release|Any CPU.Build.0 = Release|Any CPU
		{07512E84-E6E2-44DF-B622-BB55F88D567E}.Debug|Any CPU.ActiveCfg = Debug|Any CPU
		{07512E84-E6E2-44DF-B622-BB55F88D567E}.Debug|Any CPU.Build.0 = Debug|Any CPU
		{07512E84-E6E2-44DF-B622-BB55F88D567E}.Release|Any CPU.ActiveCfg = Release|Any CPU
		{07512E84-E6E2-44DF-B622-BB55F88D567E}.Release|Any CPU.Build.0 = Release|Any CPU
		{4DD07E76-BE10-4310-965D-6EDE02BBDB9D}.Debug|Any CPU.ActiveCfg = Debug|Any CPU
		{4DD07E76-BE10-4310-965D-6EDE02BBDB9D}.Debug|Any CPU.Build.0 = Debug|Any CPU
		{4DD07E76-BE10-4310-965D-6EDE02BBDB9D}.Release|Any CPU.ActiveCfg = Release|Any CPU
		{4DD07E76-BE10-4310-965D-6EDE02BBDB9D}.Release|Any CPU.Build.0 = Release|Any CPU
		{79DAD82F-3A9B-49ED-A740-0762F802A3EE}.Debug|Any CPU.ActiveCfg = Debug|Any CPU
		{79DAD82F-3A9B-49ED-A740-0762F802A3EE}.Debug|Any CPU.Build.0 = Debug|Any CPU
		{79DAD82F-3A9B-49ED-A740-0762F802A3EE}.Release|Any CPU.ActiveCfg = Release|Any CPU
		{79DAD82F-3A9B-49ED-A740-0762F802A3EE}.Release|Any CPU.Build.0 = Release|Any CPU
		{42774935-8C7B-435C-8BD4-275013F0A311}.Debug|Any CPU.ActiveCfg = Debug|Any CPU
		{42774935-8C7B-435C-8BD4-275013F0A311}.Debug|Any CPU.Build.0 = Debug|Any CPU
		{42774935-8C7B-435C-8BD4-275013F0A311}.Release|Any CPU.ActiveCfg = Release|Any CPU
		{42774935-8C7B-435C-8BD4-275013F0A311}.Release|Any CPU.Build.0 = Release|Any CPU
		{73E52F5E-9F44-4FE5-8C68-5DB6B59A4A99}.Debug|Any CPU.ActiveCfg = Debug|Any CPU
		{73E52F5E-9F44-4FE5-8C68-5DB6B59A4A99}.Debug|Any CPU.Build.0 = Debug|Any CPU
		{73E52F5E-9F44-4FE5-8C68-5DB6B59A4A99}.Release|Any CPU.ActiveCfg = Release|Any CPU
		{73E52F5E-9F44-4FE5-8C68-5DB6B59A4A99}.Release|Any CPU.Build.0 = Release|Any CPU
		{D9E78355-FEC0-4A8B-8836-C35B1EB6BDB4}.Debug|Any CPU.ActiveCfg = Debug|Any CPU
		{D9E78355-FEC0-4A8B-8836-C35B1EB6BDB4}.Debug|Any CPU.Build.0 = Debug|Any CPU
		{D9E78355-FEC0-4A8B-8836-C35B1EB6BDB4}.Release|Any CPU.ActiveCfg = Release|Any CPU
		{D9E78355-FEC0-4A8B-8836-C35B1EB6BDB4}.Release|Any CPU.Build.0 = Release|Any CPU
		{70F4F96E-6C74-4594-8AFE-BB93BF9570B5}.Debug|Any CPU.ActiveCfg = Debug|Any CPU
		{70F4F96E-6C74-4594-8AFE-BB93BF9570B5}.Debug|Any CPU.Build.0 = Debug|Any CPU
		{70F4F96E-6C74-4594-8AFE-BB93BF9570B5}.Release|Any CPU.ActiveCfg = Release|Any CPU
		{70F4F96E-6C74-4594-8AFE-BB93BF9570B5}.Release|Any CPU.Build.0 = Release|Any CPU
		{53C2F8BF-BDC4-4DCD-A69C-D61B396D0229}.Debug|Any CPU.ActiveCfg = Debug|Any CPU
		{53C2F8BF-BDC4-4DCD-A69C-D61B396D0229}.Debug|Any CPU.Build.0 = Debug|Any CPU
		{53C2F8BF-BDC4-4DCD-A69C-D61B396D0229}.Release|Any CPU.ActiveCfg = Release|Any CPU
		{53C2F8BF-BDC4-4DCD-A69C-D61B396D0229}.Release|Any CPU.Build.0 = Release|Any CPU
		{B13207D4-68F2-4D26-9C77-F4485085AF80}.Debug|Any CPU.ActiveCfg = Debug|Any CPU
		{B13207D4-68F2-4D26-9C77-F4485085AF80}.Debug|Any CPU.Build.0 = Debug|Any CPU
		{B13207D4-68F2-4D26-9C77-F4485085AF80}.Release|Any CPU.ActiveCfg = Release|Any CPU
		{B13207D4-68F2-4D26-9C77-F4485085AF80}.Release|Any CPU.Build.0 = Release|Any CPU
		{F629D09E-6D78-4C48-9390-1B8DC09AF340}.Debug|Any CPU.ActiveCfg = Debug|Any CPU
		{F629D09E-6D78-4C48-9390-1B8DC09AF340}.Debug|Any CPU.Build.0 = Debug|Any CPU
		{F629D09E-6D78-4C48-9390-1B8DC09AF340}.Release|Any CPU.ActiveCfg = Release|Any CPU
		{F629D09E-6D78-4C48-9390-1B8DC09AF340}.Release|Any CPU.Build.0 = Release|Any CPU
		{0E8C85AB-72C1-428A-9E81-F7CF6BDE66AD}.Debug|Any CPU.ActiveCfg = Debug|Any CPU
		{0E8C85AB-72C1-428A-9E81-F7CF6BDE66AD}.Debug|Any CPU.Build.0 = Debug|Any CPU
		{0E8C85AB-72C1-428A-9E81-F7CF6BDE66AD}.Release|Any CPU.ActiveCfg = Release|Any CPU
		{0E8C85AB-72C1-428A-9E81-F7CF6BDE66AD}.Release|Any CPU.Build.0 = Release|Any CPU
		{0BBB6CD3-EA9A-4990-B298-2C6673F36DA8}.Debug|Any CPU.ActiveCfg = Debug|Any CPU
		{0BBB6CD3-EA9A-4990-B298-2C6673F36DA8}.Debug|Any CPU.Build.0 = Debug|Any CPU
		{0BBB6CD3-EA9A-4990-B298-2C6673F36DA8}.Release|Any CPU.ActiveCfg = Release|Any CPU
		{0BBB6CD3-EA9A-4990-B298-2C6673F36DA8}.Release|Any CPU.Build.0 = Release|Any CPU
		{401D1CE1-7BFF-4DD6-87FE-7EA48A00C914}.Debug|Any CPU.ActiveCfg = Debug|Any CPU
		{401D1CE1-7BFF-4DD6-87FE-7EA48A00C914}.Debug|Any CPU.Build.0 = Debug|Any CPU
		{401D1CE1-7BFF-4DD6-87FE-7EA48A00C914}.Release|Any CPU.ActiveCfg = Release|Any CPU
		{401D1CE1-7BFF-4DD6-87FE-7EA48A00C914}.Release|Any CPU.Build.0 = Release|Any CPU
		{ABD81E73-8DD0-438B-AA0B-BC1C893960CB}.Debug|Any CPU.ActiveCfg = Debug|Any CPU
		{ABD81E73-8DD0-438B-AA0B-BC1C893960CB}.Debug|Any CPU.Build.0 = Debug|Any CPU
		{ABD81E73-8DD0-438B-AA0B-BC1C893960CB}.Release|Any CPU.ActiveCfg = Release|Any CPU
		{ABD81E73-8DD0-438B-AA0B-BC1C893960CB}.Release|Any CPU.Build.0 = Release|Any CPU
		{DB7F0907-8A5A-498A-BE0B-DBE3AFD21557}.Debug|Any CPU.ActiveCfg = Debug|Any CPU
		{DB7F0907-8A5A-498A-BE0B-DBE3AFD21557}.Debug|Any CPU.Build.0 = Debug|Any CPU
		{DB7F0907-8A5A-498A-BE0B-DBE3AFD21557}.Release|Any CPU.ActiveCfg = Release|Any CPU
		{DB7F0907-8A5A-498A-BE0B-DBE3AFD21557}.Release|Any CPU.Build.0 = Release|Any CPU
		{D3E953A0-BF5D-4846-BFC3-FDB916766A59}.Debug|Any CPU.ActiveCfg = Debug|Any CPU
		{D3E953A0-BF5D-4846-BFC3-FDB916766A59}.Debug|Any CPU.Build.0 = Debug|Any CPU
		{D3E953A0-BF5D-4846-BFC3-FDB916766A59}.Release|Any CPU.ActiveCfg = Release|Any CPU
		{D3E953A0-BF5D-4846-BFC3-FDB916766A59}.Release|Any CPU.Build.0 = Release|Any CPU
		{CBDB8AEB-2D9B-4030-AA7B-A80DED846C12}.Debug|Any CPU.ActiveCfg = Debug|Any CPU
		{CBDB8AEB-2D9B-4030-AA7B-A80DED846C12}.Debug|Any CPU.Build.0 = Debug|Any CPU
		{CBDB8AEB-2D9B-4030-AA7B-A80DED846C12}.Release|Any CPU.ActiveCfg = Release|Any CPU
		{CBDB8AEB-2D9B-4030-AA7B-A80DED846C12}.Release|Any CPU.Build.0 = Release|Any CPU
		{1694AC2D-2598-429C-BB14-4D941B926D3D}.Debug|Any CPU.ActiveCfg = Debug|Any CPU
		{1694AC2D-2598-429C-BB14-4D941B926D3D}.Debug|Any CPU.Build.0 = Debug|Any CPU
		{1694AC2D-2598-429C-BB14-4D941B926D3D}.Release|Any CPU.ActiveCfg = Release|Any CPU
		{1694AC2D-2598-429C-BB14-4D941B926D3D}.Release|Any CPU.Build.0 = Release|Any CPU
		{8F9FB07B-5D3C-4EBB-B690-DCA2BE448814}.Debug|Any CPU.ActiveCfg = Debug|Any CPU
		{8F9FB07B-5D3C-4EBB-B690-DCA2BE448814}.Debug|Any CPU.Build.0 = Debug|Any CPU
		{8F9FB07B-5D3C-4EBB-B690-DCA2BE448814}.Release|Any CPU.ActiveCfg = Release|Any CPU
		{8F9FB07B-5D3C-4EBB-B690-DCA2BE448814}.Release|Any CPU.Build.0 = Release|Any CPU
		{52792184-6F08-4D27-948A-75D71309936F}.Debug|Any CPU.ActiveCfg = Debug|Any CPU
		{52792184-6F08-4D27-948A-75D71309936F}.Debug|Any CPU.Build.0 = Debug|Any CPU
		{52792184-6F08-4D27-948A-75D71309936F}.Release|Any CPU.ActiveCfg = Release|Any CPU
		{52792184-6F08-4D27-948A-75D71309936F}.Release|Any CPU.Build.0 = Release|Any CPU
		{D338B451-4DD6-4449-AF2D-AC181521FA63}.Debug|Any CPU.ActiveCfg = Debug|Any CPU
		{D338B451-4DD6-4449-AF2D-AC181521FA63}.Debug|Any CPU.Build.0 = Debug|Any CPU
		{D338B451-4DD6-4449-AF2D-AC181521FA63}.Release|Any CPU.ActiveCfg = Release|Any CPU
		{D338B451-4DD6-4449-AF2D-AC181521FA63}.Release|Any CPU.Build.0 = Release|Any CPU
		{C6D8A722-FC23-4C02-8BA0-720EC81D10CD}.Debug|Any CPU.ActiveCfg = Debug|Any CPU
		{C6D8A722-FC23-4C02-8BA0-720EC81D10CD}.Debug|Any CPU.Build.0 = Debug|Any CPU
		{C6D8A722-FC23-4C02-8BA0-720EC81D10CD}.Release|Any CPU.ActiveCfg = Release|Any CPU
		{C6D8A722-FC23-4C02-8BA0-720EC81D10CD}.Release|Any CPU.Build.0 = Release|Any CPU
		{23BE7DB4-D8F8-419D-84D4-7F83EBEEFAA0}.Debug|Any CPU.ActiveCfg = Debug|Any CPU
		{23BE7DB4-D8F8-419D-84D4-7F83EBEEFAA0}.Debug|Any CPU.Build.0 = Debug|Any CPU
		{23BE7DB4-D8F8-419D-84D4-7F83EBEEFAA0}.Release|Any CPU.ActiveCfg = Release|Any CPU
		{23BE7DB4-D8F8-419D-84D4-7F83EBEEFAA0}.Release|Any CPU.Build.0 = Release|Any CPU
		{62DE5B53-368B-4FCB-8CEA-E5363CA2B12E}.Debug|Any CPU.ActiveCfg = Debug|Any CPU
		{62DE5B53-368B-4FCB-8CEA-E5363CA2B12E}.Debug|Any CPU.Build.0 = Debug|Any CPU
		{62DE5B53-368B-4FCB-8CEA-E5363CA2B12E}.Release|Any CPU.ActiveCfg = Release|Any CPU
		{62DE5B53-368B-4FCB-8CEA-E5363CA2B12E}.Release|Any CPU.Build.0 = Release|Any CPU
		{485B75C0-860D-4A82-92BB-EE4C09F8C6AD}.Debug|Any CPU.ActiveCfg = Debug|Any CPU
		{485B75C0-860D-4A82-92BB-EE4C09F8C6AD}.Debug|Any CPU.Build.0 = Debug|Any CPU
		{485B75C0-860D-4A82-92BB-EE4C09F8C6AD}.Release|Any CPU.ActiveCfg = Release|Any CPU
		{485B75C0-860D-4A82-92BB-EE4C09F8C6AD}.Release|Any CPU.Build.0 = Release|Any CPU
		{59A4EDB8-51B4-43F6-861C-8D99DFF32FD7}.Debug|Any CPU.ActiveCfg = Debug|Any CPU
		{59A4EDB8-51B4-43F6-861C-8D99DFF32FD7}.Debug|Any CPU.Build.0 = Debug|Any CPU
		{59A4EDB8-51B4-43F6-861C-8D99DFF32FD7}.Release|Any CPU.ActiveCfg = Release|Any CPU
		{59A4EDB8-51B4-43F6-861C-8D99DFF32FD7}.Release|Any CPU.Build.0 = Release|Any CPU
		{6B16B592-F5D7-4DF2-B158-4AF0CEE6A780}.Debug|Any CPU.ActiveCfg = Debug|Any CPU
		{6B16B592-F5D7-4DF2-B158-4AF0CEE6A780}.Debug|Any CPU.Build.0 = Debug|Any CPU
		{6B16B592-F5D7-4DF2-B158-4AF0CEE6A780}.Release|Any CPU.ActiveCfg = Release|Any CPU
		{6B16B592-F5D7-4DF2-B158-4AF0CEE6A780}.Release|Any CPU.Build.0 = Release|Any CPU
		{50594729-FB24-4183-950E-A8246C2BC2BC}.Debug|Any CPU.ActiveCfg = Debug|Any CPU
		{50594729-FB24-4183-950E-A8246C2BC2BC}.Debug|Any CPU.Build.0 = Debug|Any CPU
		{50594729-FB24-4183-950E-A8246C2BC2BC}.Release|Any CPU.ActiveCfg = Release|Any CPU
		{50594729-FB24-4183-950E-A8246C2BC2BC}.Release|Any CPU.Build.0 = Release|Any CPU
	EndGlobalSection
	GlobalSection(SolutionProperties) = preSolution
		HideSolutionNode = FALSE
	EndGlobalSection
	GlobalSection(ExtensibilityGlobals) = postSolution
		SolutionGuid = {0EB5EAB9-FA5A-46FC-A50E-5ACB4FCDDFEC}
	EndGlobalSection
EndGlobal
